// !$*UTF8*$!
{
	archiveVersion = 1;
	classes = {
	};
	objectVersion = 50;
	objects = {

/* Begin PBXBuildFile section */
		685FABE826FFCC270037BE2A /* Film.swift in Sources */ = {isa = PBXBuildFile; fileRef = 685FABE726FFCC270037BE2A /* Film.swift */; };
		685FABEA26FFCD3B0037BE2A /* DetailedViewController.swift in Sources */ = {isa = PBXBuildFile; fileRef = 685FABE926FFCD3B0037BE2A /* DetailedViewController.swift */; };
		687EA0BE26FF4C6500C2B654 /* AppDelegate.swift in Sources */ = {isa = PBXBuildFile; fileRef = 687EA0BD26FF4C6500C2B654 /* AppDelegate.swift */; };
		687EA0C026FF4C6500C2B654 /* SceneDelegate.swift in Sources */ = {isa = PBXBuildFile; fileRef = 687EA0BF26FF4C6500C2B654 /* SceneDelegate.swift */; };
		687EA0C226FF4C6500C2B654 /* MainViewController.swift in Sources */ = {isa = PBXBuildFile; fileRef = 687EA0C126FF4C6500C2B654 /* MainViewController.swift */; };
		687EA0C526FF4C6500C2B654 /* Main.storyboard in Resources */ = {isa = PBXBuildFile; fileRef = 687EA0C326FF4C6500C2B654 /* Main.storyboard */; };
		687EA0C726FF4C6800C2B654 /* Assets.xcassets in Resources */ = {isa = PBXBuildFile; fileRef = 687EA0C626FF4C6800C2B654 /* Assets.xcassets */; };
		687EA0CA26FF4C6800C2B654 /* LaunchScreen.storyboard in Resources */ = {isa = PBXBuildFile; fileRef = 687EA0C826FF4C6800C2B654 /* LaunchScreen.storyboard */; };
/* End PBXBuildFile section */

/* Begin PBXFileReference section */
		685FABE726FFCC270037BE2A /* Film.swift */ = {isa = PBXFileReference; lastKnownFileType = sourcecode.swift; path = Film.swift; sourceTree = "<group>"; };
		685FABE926FFCD3B0037BE2A /* DetailedViewController.swift */ = {isa = PBXFileReference; lastKnownFileType = sourcecode.swift; path = DetailedViewController.swift; sourceTree = "<group>"; };
		687EA0BA26FF4C6500C2B654 /* FilmGeneratorApp.app */ = {isa = PBXFileReference; explicitFileType = wrapper.application; includeInIndex = 0; path = FilmGeneratorApp.app; sourceTree = BUILT_PRODUCTS_DIR; };
		687EA0BD26FF4C6500C2B654 /* AppDelegate.swift */ = {isa = PBXFileReference; lastKnownFileType = sourcecode.swift; path = AppDelegate.swift; sourceTree = "<group>"; };
		687EA0BF26FF4C6500C2B654 /* SceneDelegate.swift */ = {isa = PBXFileReference; lastKnownFileType = sourcecode.swift; path = SceneDelegate.swift; sourceTree = "<group>"; };
		687EA0C126FF4C6500C2B654 /* MainViewController.swift */ = {isa = PBXFileReference; lastKnownFileType = sourcecode.swift; path = MainViewController.swift; sourceTree = "<group>"; };
		687EA0C426FF4C6500C2B654 /* Base */ = {isa = PBXFileReference; lastKnownFileType = file.storyboard; name = Base; path = Base.lproj/Main.storyboard; sourceTree = "<group>"; };
		687EA0C626FF4C6800C2B654 /* Assets.xcassets */ = {isa = PBXFileReference; lastKnownFileType = folder.assetcatalog; path = Assets.xcassets; sourceTree = "<group>"; };
		687EA0C926FF4C6800C2B654 /* Base */ = {isa = PBXFileReference; lastKnownFileType = file.storyboard; name = Base; path = Base.lproj/LaunchScreen.storyboard; sourceTree = "<group>"; };
		687EA0CB26FF4C6800C2B654 /* Info.plist */ = {isa = PBXFileReference; lastKnownFileType = text.plist.xml; path = Info.plist; sourceTree = "<group>"; };
/* End PBXFileReference section */

/* Begin PBXFrameworksBuildPhase section */
		687EA0B726FF4C6500C2B654 /* Frameworks */ = {
			isa = PBXFrameworksBuildPhase;
			buildActionMask = 2147483647;
			files = (
			);
			runOnlyForDeploymentPostprocessing = 0;
		};
/* End PBXFrameworksBuildPhase section */

/* Begin PBXGroup section */
		687EA0B126FF4C6500C2B654 = {
			isa = PBXGroup;
			children = (
				687EA0BC26FF4C6500C2B654 /* FilmGeneratorApp */,
				687EA0BB26FF4C6500C2B654 /* Products */,
			);
			sourceTree = "<group>";
		};
		687EA0BB26FF4C6500C2B654 /* Products */ = {
			isa = PBXGroup;
			children = (
				687EA0BA26FF4C6500C2B654 /* FilmGeneratorApp.app */,
			);
			name = Products;
			sourceTree = "<group>";
		};
		687EA0BC26FF4C6500C2B654 /* FilmGeneratorApp */ = {
			isa = PBXGroup;
			children = (
				687EA0BD26FF4C6500C2B654 /* AppDelegate.swift */,
				687EA0BF26FF4C6500C2B654 /* SceneDelegate.swift */,
				687EA0C126FF4C6500C2B654 /* MainViewController.swift */,
				685FABE926FFCD3B0037BE2A /* DetailedViewController.swift */,
				685FABE726FFCC270037BE2A /* Film.swift */,
				687EA0C326FF4C6500C2B654 /* Main.storyboard */,
				687EA0C626FF4C6800C2B654 /* Assets.xcassets */,
				687EA0C826FF4C6800C2B654 /* LaunchScreen.storyboard */,
				687EA0CB26FF4C6800C2B654 /* Info.plist */,
			);
			path = FilmGeneratorApp;
			sourceTree = "<group>";
		};
/* End PBXGroup section */

/* Begin PBXNativeTarget section */
		687EA0B926FF4C6500C2B654 /* FilmGeneratorApp */ = {
			isa = PBXNativeTarget;
			buildConfigurationList = 687EA0CE26FF4C6800C2B654 /* Build configuration list for PBXNativeTarget "FilmGeneratorApp" */;
			buildPhases = (
				687EA0B626FF4C6500C2B654 /* Sources */,
				687EA0B726FF4C6500C2B654 /* Frameworks */,
				687EA0B826FF4C6500C2B654 /* Resources */,
			);
			buildRules = (
			);
			dependencies = (
			);
			name = FilmGeneratorApp;
			productName = FilmGeneratorApp;
			productReference = 687EA0BA26FF4C6500C2B654 /* FilmGeneratorApp.app */;
			productType = "com.apple.product-type.application";
		};
/* End PBXNativeTarget section */

/* Begin PBXProject section */
		687EA0B226FF4C6500C2B654 /* Project object */ = {
			isa = PBXProject;
			attributes = {
				LastSwiftUpdateCheck = 1250;
				LastUpgradeCheck = 1250;
				TargetAttributes = {
					687EA0B926FF4C6500C2B654 = {
						CreatedOnToolsVersion = 12.5;
					};
				};
			};
			buildConfigurationList = 687EA0B526FF4C6500C2B654 /* Build configuration list for PBXProject "FilmGeneratorApp" */;
			compatibilityVersion = "Xcode 9.3";
			developmentRegion = en;
			hasScannedForEncodings = 0;
			knownRegions = (
				en,
				Base,
			);
			mainGroup = 687EA0B126FF4C6500C2B654;
			productRefGroup = 687EA0BB26FF4C6500C2B654 /* Products */;
			projectDirPath = "";
			projectRoot = "";
			targets = (
				687EA0B926FF4C6500C2B654 /* FilmGeneratorApp */,
			);
		};
/* End PBXProject section */

/* Begin PBXResourcesBuildPhase section */
		687EA0B826FF4C6500C2B654 /* Resources */ = {
			isa = PBXResourcesBuildPhase;
			buildActionMask = 2147483647;
			files = (
				687EA0CA26FF4C6800C2B654 /* LaunchScreen.storyboard in Resources */,
				687EA0C726FF4C6800C2B654 /* Assets.xcassets in Resources */,
				687EA0C526FF4C6500C2B654 /* Main.storyboard in Resources */,
			);
			runOnlyForDeploymentPostprocessing = 0;
		};
/* End PBXResourcesBuildPhase section */

/* Begin PBXSourcesBuildPhase section */
		687EA0B626FF4C6500C2B654 /* Sources */ = {
			isa = PBXSourcesBuildPhase;
			buildActionMask = 2147483647;
			files = (
				687EA0C226FF4C6500C2B654 /* MainViewController.swift in Sources */,
				687EA0BE26FF4C6500C2B654 /* AppDelegate.swift in Sources */,
				685FABEA26FFCD3B0037BE2A /* DetailedViewController.swift in Sources */,
				685FABE826FFCC270037BE2A /* Film.swift in Sources */,
				687EA0C026FF4C6500C2B654 /* SceneDelegate.swift in Sources */,
			);
			runOnlyForDeploymentPostprocessing = 0;
		};
/* End PBXSourcesBuildPhase section */

/* Begin PBXVariantGroup section */
		687EA0C326FF4C6500C2B654 /* Main.storyboard */ = {
			isa = PBXVariantGroup;
			children = (
				687EA0C426FF4C6500C2B654 /* Base */,
			);
			name = Main.storyboard;
			sourceTree = "<group>";
		};
		687EA0C826FF4C6800C2B654 /* LaunchScreen.storyboard */ = {
			isa = PBXVariantGroup;
			children = (
				687EA0C926FF4C6800C2B654 /* Base */,
			);
			name = LaunchScreen.storyboard;
			sourceTree = "<group>";
		};
/* End PBXVariantGroup section */

/* Begin XCBuildConfiguration section */
		687EA0CC26FF4C6800C2B654 /* Debug */ = {
			isa = XCBuildConfiguration;
			buildSettings = {
				ALWAYS_SEARCH_USER_PATHS = NO;
				CLANG_ANALYZER_NONNULL = YES;
				CLANG_ANALYZER_NUMBER_OBJECT_CONVERSION = YES_AGGRESSIVE;
				CLANG_CXX_LANGUAGE_STANDARD = "gnu++14";
				CLANG_CXX_LIBRARY = "libc++";
				CLANG_ENABLE_MODULES = YES;
				CLANG_ENABLE_OBJC_ARC = YES;
				CLANG_ENABLE_OBJC_WEAK = YES;
				CLANG_WARN_BLOCK_CAPTURE_AUTORELEASING = YES;
				CLANG_WARN_BOOL_CONVERSION = YES;
				CLANG_WARN_COMMA = YES;
				CLANG_WARN_CONSTANT_CONVERSION = YES;
				CLANG_WARN_DEPRECATED_OBJC_IMPLEMENTATIONS = YES;
				CLANG_WARN_DIRECT_OBJC_ISA_USAGE = YES_ERROR;
				CLANG_WARN_DOCUMENTATION_COMMENTS = YES;
				CLANG_WARN_EMPTY_BODY = YES;
				CLANG_WARN_ENUM_CONVERSION = YES;
				CLANG_WARN_INFINITE_RECURSION = YES;
				CLANG_WARN_INT_CONVERSION = YES;
				CLANG_WARN_NON_LITERAL_NULL_CONVERSION = YES;
				CLANG_WARN_OBJC_IMPLICIT_RETAIN_SELF = YES;
				CLANG_WARN_OBJC_LITERAL_CONVERSION = YES;
				CLANG_WARN_OBJC_ROOT_CLASS = YES_ERROR;
				CLANG_WARN_QUOTED_INCLUDE_IN_FRAMEWORK_HEADER = YES;
				CLANG_WARN_RANGE_LOOP_ANALYSIS = YES;
				CLANG_WARN_STRICT_PROTOTYPES = YES;
				CLANG_WARN_SUSPICIOUS_MOVE = YES;
				CLANG_WARN_UNGUARDED_AVAILABILITY = YES_AGGRESSIVE;
				CLANG_WARN_UNREACHABLE_CODE = YES;
				CLANG_WARN__DUPLICATE_METHOD_MATCH = YES;
				COPY_PHASE_STRIP = NO;
				DEBUG_INFORMATION_FORMAT = dwarf;
				ENABLE_STRICT_OBJC_MSGSEND = YES;
				ENABLE_TESTABILITY = YES;
				GCC_C_LANGUAGE_STANDARD = gnu11;
				GCC_DYNAMIC_NO_PIC = NO;
				GCC_NO_COMMON_BLOCKS = YES;
				GCC_OPTIMIZATION_LEVEL = 0;
				GCC_PREPROCESSOR_DEFINITIONS = (
					"DEBUG=1",
					"$(inherited)",
				);
				GCC_WARN_64_TO_32_BIT_CONVERSION = YES;
				GCC_WARN_ABOUT_RETURN_TYPE = YES_ERROR;
				GCC_WARN_UNDECLARED_SELECTOR = YES;
				GCC_WARN_UNINITIALIZED_AUTOS = YES_AGGRESSIVE;
				GCC_WARN_UNUSED_FUNCTION = YES;
				GCC_WARN_UNUSED_VARIABLE = YES;
				IPHONEOS_DEPLOYMENT_TARGET = 14.5;
				MTL_ENABLE_DEBUG_INFO = INCLUDE_SOURCE;
				MTL_FAST_MATH = YES;
				ONLY_ACTIVE_ARCH = YES;
				SDKROOT = iphoneos;
				SWIFT_ACTIVE_COMPILATION_CONDITIONS = DEBUG;
				SWIFT_OPTIMIZATION_LEVEL = "-Onone";
			};
			name = Debug;
		};
		687EA0CD26FF4C6800C2B654 /* Release */ = {
			isa = XCBuildConfiguration;
			buildSettings = {
				ALWAYS_SEARCH_USER_PATHS = NO;
				CLANG_ANALYZER_NONNULL = YES;
				CLANG_ANALYZER_NUMBER_OBJECT_CONVERSION = YES_AGGRESSIVE;
				CLANG_CXX_LANGUAGE_STANDARD = "gnu++14";
				CLANG_CXX_LIBRARY = "libc++";
				CLANG_ENABLE_MODULES = YES;
				CLANG_ENABLE_OBJC_ARC = YES;
				CLANG_ENABLE_OBJC_WEAK = YES;
				CLANG_WARN_BLOCK_CAPTURE_AUTORELEASING = YES;
				CLANG_WARN_BOOL_CONVERSION = YES;
				CLANG_WARN_COMMA = YES;
				CLANG_WARN_CONSTANT_CONVERSION = YES;
				CLANG_WARN_DEPRECATED_OBJC_IMPLEMENTATIONS = YES;
				CLANG_WARN_DIRECT_OBJC_ISA_USAGE = YES_ERROR;
				CLANG_WARN_DOCUMENTATION_COMMENTS = YES;
				CLANG_WARN_EMPTY_BODY = YES;
				CLANG_WARN_ENUM_CONVERSION = YES;
				CLANG_WARN_INFINITE_RECURSION = YES;
				CLANG_WARN_INT_CONVERSION = YES;
				CLANG_WARN_NON_LITERAL_NULL_CONVERSION = YES;
				CLANG_WARN_OBJC_IMPLICIT_RETAIN_SELF = YES;
				CLANG_WARN_OBJC_LITERAL_CONVERSION = YES;
				CLANG_WARN_OBJC_ROOT_CLASS = YES_ERROR;
				CLANG_WARN_QUOTED_INCLUDE_IN_FRAMEWORK_HEADER = YES;
				CLANG_WARN_RANGE_LOOP_ANALYSIS = YES;
				CLANG_WARN_STRICT_PROTOTYPES = YES;
				CLANG_WARN_SUSPICIOUS_MOVE = YES;
				CLANG_WARN_UNGUARDED_AVAILABILITY = YES_AGGRESSIVE;
				CLANG_WARN_UNREACHABLE_CODE = YES;
				CLANG_WARN__DUPLICATE_METHOD_MATCH = YES;
				COPY_PHASE_STRIP = NO;
				DEBUG_INFORMATION_FORMAT = "dwarf-with-dsym";
				ENABLE_NS_ASSERTIONS = NO;
				ENABLE_STRICT_OBJC_MSGSEND = YES;
				GCC_C_LANGUAGE_STANDARD = gnu11;
				GCC_NO_COMMON_BLOCKS = YES;
				GCC_WARN_64_TO_32_BIT_CONVERSION = YES;
				GCC_WARN_ABOUT_RETURN_TYPE = YES_ERROR;
				GCC_WARN_UNDECLARED_SELECTOR = YES;
				GCC_WARN_UNINITIALIZED_AUTOS = YES_AGGRESSIVE;
				GCC_WARN_UNUSED_FUNCTION = YES;
				GCC_WARN_UNUSED_VARIABLE = YES;
				IPHONEOS_DEPLOYMENT_TARGET = 14.5;
				MTL_ENABLE_DEBUG_INFO = NO;
				MTL_FAST_MATH = YES;
				SDKROOT = iphoneos;
				SWIFT_COMPILATION_MODE = wholemodule;
				SWIFT_OPTIMIZATION_LEVEL = "-O";
				VALIDATE_PRODUCT = YES;
			};
			name = Release;
		};
		687EA0CF26FF4C6800C2B654 /* Debug */ = {
			isa = XCBuildConfiguration;
			buildSettings = {
				ASSETCATALOG_COMPILER_APPICON_NAME = AppIcon;
				ASSETCATALOG_COMPILER_GLOBAL_ACCENT_COLOR_NAME = AccentColor;
				CODE_SIGN_STYLE = Automatic;
				DEVELOPMENT_TEAM = K889TCMG57;
				INFOPLIST_FILE = FilmGeneratorApp/Info.plist;
				LD_RUNPATH_SEARCH_PATHS = (
					"$(inherited)",
					"@executable_path/Frameworks",
				);
				PRODUCT_BUNDLE_IDENTIFIER = com.example.FilmGeneratorApp;
				PRODUCT_NAME = "$(TARGET_NAME)";
				SWIFT_VERSION = 5.0;
				TARGETED_DEVICE_FAMILY = 1;
			};
			name = Debug;
		};
		687EA0D026FF4C6800C2B654 /* Release */ = {
			isa = XCBuildConfiguration;
			buildSettings = {
				ASSETCATALOG_COMPILER_APPICON_NAME = AppIcon;
				ASSETCATALOG_COMPILER_GLOBAL_ACCENT_COLOR_NAME = AccentColor;
				CODE_SIGN_STYLE = Automatic;
				DEVELOPMENT_TEAM = K889TCMG57;
				INFOPLIST_FILE = FilmGeneratorApp/Info.plist;
				LD_RUNPATH_SEARCH_PATHS = (
					"$(inherited)",
					"@executable_path/Frameworks",
				);
				PRODUCT_BUNDLE_IDENTIFIER = com.example.FilmGeneratorApp;
				PRODUCT_NAME = "$(TARGET_NAME)";
				SWIFT_VERSION = 5.0;
				TARGETED_DEVICE_FAMILY = 1;
			};
			name = Release;
		};
/* End XCBuildConfiguration section */

/* Begin XCConfigurationList section */
		687EA0B526FF4C6500C2B654 /* Build configuration list for PBXProject "FilmGeneratorApp" */ = {
			isa = XCConfigurationList;
			buildConfigurations = (
				687EA0CC26FF4C6800C2B654 /* Debug */,
				687EA0CD26FF4C6800C2B654 /* Release */,
			);
			defaultConfigurationIsVisible = 0;
			defaultConfigurationName = Release;
		};
		687EA0CE26FF4C6800C2B654 /* Build configuration list for PBXNativeTarget "FilmGeneratorApp" */ = {
			isa = XCConfigurationList;
			buildConfigurations = (
				687EA0CF26FF4C6800C2B654 /* Debug */,
				687EA0D026FF4C6800C2B654 /* Release */,
			);
			defaultConfigurationIsVisible = 0;
			defaultConfigurationName = Release;
		};
/* End XCConfigurationList section */
	};
	rootObject = 687EA0B226FF4C6500C2B654 /* Project object */;
}
